
Microsoft Visual Studio Solution File, Format Version 12.00
# Visual Studio Version 16
VisualStudioVersion = 16.0.30114.105
MinimumVisualStudioVersion = 10.0.40219.1
Project("{FAE04EC0-301F-11D3-BF4B-00C04F79EFBC}") = "SpectreConsole.Markup", "SpectreConsole.Markup\SpectreConsole.Markup.csproj", "{7EE687F4-E954-44FA-9707-55E6A00FA408}"
EndProject
Project("{FAE04EC0-301F-11D3-BF4B-00C04F79EFBC}") = "SpectreConsole.Exceptions", "SpectreConsole.Exceptions\SpectreConsole.Exceptions.csproj", "{C2E3CF4D-4971-46C3-A81F-3DDDAF46DC89}"
EndProject
Project("{FAE04EC0-301F-11D3-BF4B-00C04F79EFBC}") = "SpectreConsole.Live", "SpectreConsole.Live\SpectreConsole.Live.csproj", "{A0A5B4D2-E8E5-48AB-B7C8-F82D7AE6C086}"
EndProject
Project("{FAE04EC0-301F-11D3-BF4B-00C04F79EFBC}") = "SpectreConsole.Prompts", "SpectreConsole.Prompts\SpectreConsole.Prompts.csproj", "{CBE4B8CE-3C07-4DB2-82E0-575587A7CFCC}"
EndProject
Global
	GlobalSection(SolutionConfigurationPlatforms) = preSolution
		Debug|Any CPU = Debug|Any CPU
		Release|Any CPU = Release|Any CPU
	EndGlobalSection
	GlobalSection(SolutionProperties) = preSolution
		HideSolutionNode = FALSE
	EndGlobalSection
	GlobalSection(ProjectConfigurationPlatforms) = postSolution
		{7EE687F4-E954-44FA-9707-55E6A00FA408}.Debug|Any CPU.ActiveCfg = Debug|Any CPU
		{7EE687F4-E954-44FA-9707-55E6A00FA408}.Debug|Any CPU.Build.0 = Debug|Any CPU
		{7EE687F4-E954-44FA-9707-55E6A00FA408}.Release|Any CPU.ActiveCfg = Release|Any CPU
		{7EE687F4-E954-44FA-9707-55E6A00FA408}.Release|Any CPU.Build.0 = Release|Any CPU
		{C2E3CF4D-4971-46C3-A81F-3DDDAF46DC89}.Debug|Any CPU.ActiveCfg = Debug|Any CPU
		{C2E3CF4D-4971-46C3-A81F-3DDDAF46DC89}.Debug|Any CPU.Build.0 = Debug|Any CPU
		{C2E3CF4D-4971-46C3-A81F-3DDDAF46DC89}.Release|Any CPU.ActiveCfg = Release|Any CPU
		{C2E3CF4D-4971-46C3-A81F-3DDDAF46DC89}.Release|Any CPU.Build.0 = Release|Any CPU
		{A0A5B4D2-E8E5-48AB-B7C8-F82D7AE6C086}.Debug|Any CPU.ActiveCfg = Debug|Any CPU
		{A0A5B4D2-E8E5-48AB-B7C8-F82D7AE6C086}.Debug|Any CPU.Build.0 = Debug|Any CPU
		{A0A5B4D2-E8E5-48AB-B7C8-F82D7AE6C086}.Release|Any CPU.ActiveCfg = Release|Any CPU
		{A0A5B4D2-E8E5-48AB-B7C8-F82D7AE6C086}.Release|Any CPU.Build.0 = Release|Any CPU
		{CBE4B8CE-3C07-4DB2-82E0-575587A7CFCC}.Debug|Any CPU.ActiveCfg = Debug|Any CPU
		{CBE4B8CE-3C07-4DB2-82E0-575587A7CFCC}.Debug|Any CPU.Build.0 = Debug|Any CPU
		{CBE4B8CE-3C07-4DB2-82E0-575587A7CFCC}.Release|Any CPU.ActiveCfg = Release|Any CPU
		{CBE4B8CE-3C07-4DB2-82E0-575587A7CFCC}.Release|Any CPU.Build.0 = Release|Any CPU
	EndGlobalSection
EndGlobal
